// !$*UTF8*$!
{
	archiveVersion = 1;
	classes = {
	};
	objectVersion = 46;
	objects = {

/* Begin PBXBuildFile section */
		C766227B1DA58C19005594D2 /* main.m in Sources */ = {isa = PBXBuildFile; fileRef = C766227A1DA58C19005594D2 /* main.m */; };
		C766227E1DA58C19005594D2 /* FYAppDelegate.m in Sources */ = {isa = PBXBuildFile; fileRef = C766227D1DA58C19005594D2 /* FYAppDelegate.m */; };
		C76622811DA58C19005594D2 /* FYMainViewController.m in Sources */ = {isa = PBXBuildFile; fileRef = C76622801DA58C19005594D2 /* FYMainViewController.m */; };
		C76622841DA58C19005594D2 /* Main.storyboard in Resources */ = {isa = PBXBuildFile; fileRef = C76622821DA58C19005594D2 /* Main.storyboard */; };
		C76622871DA58C19005594D2 /* FyterTestTask.xcdatamodeld in Sources */ = {isa = PBXBuildFile; fileRef = C76622851DA58C19005594D2 /* FyterTestTask.xcdatamodeld */; };
		C76622891DA58C19005594D2 /* Assets.xcassets in Resources */ = {isa = PBXBuildFile; fileRef = C76622881DA58C19005594D2 /* Assets.xcassets */; };
		C766228C1DA58C19005594D2 /* LaunchScreen.storyboard in Resources */ = {isa = PBXBuildFile; fileRef = C766228A1DA58C19005594D2 /* LaunchScreen.storyboard */; };
		C76622971DA58C19005594D2 /* FyterTestTaskTests.m in Sources */ = {isa = PBXBuildFile; fileRef = C76622961DA58C19005594D2 /* FyterTestTaskTests.m */; };
		C76622A61DA598EB005594D2 /* FYDataSource.m in Sources */ = {isa = PBXBuildFile; fileRef = C76622A51DA598EB005594D2 /* FYDataSource.m */; };
		C76622A71DA598EB005594D2 /* FYDataSource.m in Sources */ = {isa = PBXBuildFile; fileRef = C76622A51DA598EB005594D2 /* FYDataSource.m */; };
		C76622AA1DA59961005594D2 /* FYDataService.m in Sources */ = {isa = PBXBuildFile; fileRef = C76622A91DA59961005594D2 /* FYDataService.m */; };
		C76622AB1DA59961005594D2 /* FYDataService.m in Sources */ = {isa = PBXBuildFile; fileRef = C76622A91DA59961005594D2 /* FYDataService.m */; };
		C76622AF1DA5A552005594D2 /* NSString+FYHash.m in Sources */ = {isa = PBXBuildFile; fileRef = C76622AE1DA5A552005594D2 /* NSString+FYHash.m */; };
		C76622B01DA5A552005594D2 /* NSString+FYHash.m in Sources */ = {isa = PBXBuildFile; fileRef = C76622AE1DA5A552005594D2 /* NSString+FYHash.m */; };
		C76622B31DA651A0005594D2 /* Utils.m in Sources */ = {isa = PBXBuildFile; fileRef = C76622B21DA651A0005594D2 /* Utils.m */; };
		C76622B41DA651A0005594D2 /* Utils.m in Sources */ = {isa = PBXBuildFile; fileRef = C76622B21DA651A0005594D2 /* Utils.m */; };
		C76622B81DA65C9E005594D2 /* FYOfferItem.m in Sources */ = {isa = PBXBuildFile; fileRef = C76622B71DA65C9E005594D2 /* FYOfferItem.m */; };
		C76622B91DA65C9E005594D2 /* FYOfferItem.m in Sources */ = {isa = PBXBuildFile; fileRef = C76622B71DA65C9E005594D2 /* FYOfferItem.m */; };
		C76622BC1DA65CF8005594D2 /* FYPayloadParser.m in Sources */ = {isa = PBXBuildFile; fileRef = C76622BB1DA65CF8005594D2 /* FYPayloadParser.m */; };
		C76622BD1DA65CF8005594D2 /* FYPayloadParser.m in Sources */ = {isa = PBXBuildFile; fileRef = C76622BB1DA65CF8005594D2 /* FYPayloadParser.m */; };
		C76622C01DA66846005594D2 /* FYOfferTableViewCell.m in Sources */ = {isa = PBXBuildFile; fileRef = C76622BF1DA66846005594D2 /* FYOfferTableViewCell.m */; };
		C76622C11DA66846005594D2 /* FYOfferTableViewCell.m in Sources */ = {isa = PBXBuildFile; fileRef = C76622BF1DA66846005594D2 /* FYOfferTableViewCell.m */; };
		C76622C81DA66AFD005594D2 /* FYOffersTableViewController.m in Sources */ = {isa = PBXBuildFile; fileRef = C76622C71DA66AFD005594D2 /* FYOffersTableViewController.m */; };
		C76622C91DA66AFD005594D2 /* FYOffersTableViewController.m in Sources */ = {isa = PBXBuildFile; fileRef = C76622C71DA66AFD005594D2 /* FYOffersTableViewController.m */; };
/* End PBXBuildFile section */

/* Begin PBXContainerItemProxy section */
		C76622931DA58C19005594D2 /* PBXContainerItemProxy */ = {
			isa = PBXContainerItemProxy;
			containerPortal = C766226E1DA58C19005594D2 /* Project object */;
			proxyType = 1;
			remoteGlobalIDString = C76622751DA58C19005594D2;
			remoteInfo = FyterTestTask;
		};
/* End PBXContainerItemProxy section */

/* Begin PBXFileReference section */
		C76622761DA58C19005594D2 /* FyterTestTask.app */ = {isa = PBXFileReference; explicitFileType = wrapper.application; includeInIndex = 0; path = FyterTestTask.app; sourceTree = BUILT_PRODUCTS_DIR; };
		C766227A1DA58C19005594D2 /* main.m */ = {isa = PBXFileReference; lastKnownFileType = sourcecode.c.objc; path = main.m; sourceTree = "<group>"; };
		C766227C1DA58C19005594D2 /* FYAppDelegate.h */ = {isa = PBXFileReference; lastKnownFileType = sourcecode.c.h; path = FYAppDelegate.h; sourceTree = "<group>"; };
		C766227D1DA58C19005594D2 /* FYAppDelegate.m */ = {isa = PBXFileReference; lastKnownFileType = sourcecode.c.objc; path = FYAppDelegate.m; sourceTree = "<group>"; };
		C766227F1DA58C19005594D2 /* FYMainViewController.h */ = {isa = PBXFileReference; lastKnownFileType = sourcecode.c.h; name = FYMainViewController.h; path = Controllers/FYMainViewController.h; sourceTree = "<group>"; };
		C76622801DA58C19005594D2 /* FYMainViewController.m */ = {isa = PBXFileReference; lastKnownFileType = sourcecode.c.objc; name = FYMainViewController.m; path = Controllers/FYMainViewController.m; sourceTree = "<group>"; };
		C76622831DA58C19005594D2 /* Base */ = {isa = PBXFileReference; lastKnownFileType = file.storyboard; name = Base; path = Base.lproj/Main.storyboard; sourceTree = "<group>"; };
		C76622861DA58C19005594D2 /* FyterTestTask.xcdatamodel */ = {isa = PBXFileReference; lastKnownFileType = wrapper.xcdatamodel; path = FyterTestTask.xcdatamodel; sourceTree = "<group>"; };
		C76622881DA58C19005594D2 /* Assets.xcassets */ = {isa = PBXFileReference; lastKnownFileType = folder.assetcatalog; path = Assets.xcassets; sourceTree = "<group>"; };
		C766228B1DA58C19005594D2 /* Base */ = {isa = PBXFileReference; lastKnownFileType = file.storyboard; name = Base; path = Base.lproj/LaunchScreen.storyboard; sourceTree = "<group>"; };
		C766228D1DA58C19005594D2 /* Info.plist */ = {isa = PBXFileReference; lastKnownFileType = text.plist.xml; path = Info.plist; sourceTree = "<group>"; };
		C76622921DA58C19005594D2 /* FyterTestTaskTests.xctest */ = {isa = PBXFileReference; explicitFileType = wrapper.cfbundle; includeInIndex = 0; path = FyterTestTaskTests.xctest; sourceTree = BUILT_PRODUCTS_DIR; };
		C76622961DA58C19005594D2 /* FyterTestTaskTests.m */ = {isa = PBXFileReference; lastKnownFileType = sourcecode.c.objc; path = FyterTestTaskTests.m; sourceTree = "<group>"; };
		C76622981DA58C19005594D2 /* Info.plist */ = {isa = PBXFileReference; lastKnownFileType = text.plist.xml; path = Info.plist; sourceTree = "<group>"; };
		C76622A41DA598EB005594D2 /* FYDataSource.h */ = {isa = PBXFileReference; fileEncoding = 4; lastKnownFileType = sourcecode.c.h; name = FYDataSource.h; path = Model/FYDataSource.h; sourceTree = "<group>"; };
		C76622A51DA598EB005594D2 /* FYDataSource.m */ = {isa = PBXFileReference; fileEncoding = 4; lastKnownFileType = sourcecode.c.objc; name = FYDataSource.m; path = Model/FYDataSource.m; sourceTree = "<group>"; };
		C76622A81DA59961005594D2 /* FYDataService.h */ = {isa = PBXFileReference; fileEncoding = 4; lastKnownFileType = sourcecode.c.h; name = FYDataService.h; path = Model/FYDataService.h; sourceTree = "<group>"; };
		C76622A91DA59961005594D2 /* FYDataService.m */ = {isa = PBXFileReference; fileEncoding = 4; lastKnownFileType = sourcecode.c.objc; name = FYDataService.m; path = Model/FYDataService.m; sourceTree = "<group>"; };
		C76622AD1DA5A552005594D2 /* NSString+FYHash.h */ = {isa = PBXFileReference; fileEncoding = 4; lastKnownFileType = sourcecode.c.h; name = "NSString+FYHash.h"; path = "Categories/NSString+FYHash.h"; sourceTree = "<group>"; };
		C76622AE1DA5A552005594D2 /* NSString+FYHash.m */ = {isa = PBXFileReference; fileEncoding = 4; lastKnownFileType = sourcecode.c.objc; name = "NSString+FYHash.m"; path = "Categories/NSString+FYHash.m"; sourceTree = "<group>"; };
		C76622B11DA651A0005594D2 /* Utils.h */ = {isa = PBXFileReference; fileEncoding = 4; lastKnownFileType = sourcecode.c.h; name = Utils.h; path = Helpers/Utils.h; sourceTree = "<group>"; };
		C76622B21DA651A0005594D2 /* Utils.m */ = {isa = PBXFileReference; fileEncoding = 4; lastKnownFileType = sourcecode.c.objc; name = Utils.m; path = Helpers/Utils.m; sourceTree = "<group>"; };
		C76622B61DA65C9E005594D2 /* FYOfferItem.h */ = {isa = PBXFileReference; fileEncoding = 4; lastKnownFileType = sourcecode.c.h; name = FYOfferItem.h; path = Model/FYOfferItem.h; sourceTree = "<group>"; };
		C76622B71DA65C9E005594D2 /* FYOfferItem.m */ = {isa = PBXFileReference; fileEncoding = 4; lastKnownFileType = sourcecode.c.objc; name = FYOfferItem.m; path = Model/FYOfferItem.m; sourceTree = "<group>"; };
		C76622BA1DA65CF8005594D2 /* FYPayloadParser.h */ = {isa = PBXFileReference; fileEncoding = 4; lastKnownFileType = sourcecode.c.h; name = FYPayloadParser.h; path = Model/FYPayloadParser.h; sourceTree = "<group>"; };
		C76622BB1DA65CF8005594D2 /* FYPayloadParser.m */ = {isa = PBXFileReference; fileEncoding = 4; lastKnownFileType = sourcecode.c.objc; name = FYPayloadParser.m; path = Model/FYPayloadParser.m; sourceTree = "<group>"; };
		C76622BE1DA66846005594D2 /* FYOfferTableViewCell.h */ = {isa = PBXFileReference; fileEncoding = 4; lastKnownFileType = sourcecode.c.h; name = FYOfferTableViewCell.h; path = Views/FYOfferTableViewCell.h; sourceTree = "<group>"; };
		C76622BF1DA66846005594D2 /* FYOfferTableViewCell.m */ = {isa = PBXFileReference; fileEncoding = 4; lastKnownFileType = sourcecode.c.objc; name = FYOfferTableViewCell.m; path = Views/FYOfferTableViewCell.m; sourceTree = "<group>"; };
		C76622C61DA66AFD005594D2 /* FYOffersTableViewController.h */ = {isa = PBXFileReference; fileEncoding = 4; lastKnownFileType = sourcecode.c.h; name = FYOffersTableViewController.h; path = Controllers/FYOffersTableViewController.h; sourceTree = "<group>"; };
		C76622C71DA66AFD005594D2 /* FYOffersTableViewController.m */ = {isa = PBXFileReference; fileEncoding = 4; lastKnownFileType = sourcecode.c.objc; name = FYOffersTableViewController.m; path = Controllers/FYOffersTableViewController.m; sourceTree = "<group>"; };
/* End PBXFileReference section */

/* Begin PBXFrameworksBuildPhase section */
		C76622731DA58C19005594D2 /* Frameworks */ = {
			isa = PBXFrameworksBuildPhase;
			buildActionMask = 2147483647;
			files = (
			);
			runOnlyForDeploymentPostprocessing = 0;
		};
		C766228F1DA58C19005594D2 /* Frameworks */ = {
			isa = PBXFrameworksBuildPhase;
			buildActionMask = 2147483647;
			files = (
			);
			runOnlyForDeploymentPostprocessing = 0;
		};
/* End PBXFrameworksBuildPhase section */

/* Begin PBXGroup section */
		C766226D1DA58C19005594D2 = {
			isa = PBXGroup;
			children = (
				C76622781DA58C19005594D2 /* FyterTestTask */,
				C76622951DA58C19005594D2 /* FyterTestTaskTests */,
				C76622771DA58C19005594D2 /* Products */,
			);
			sourceTree = "<group>";
		};
		C76622771DA58C19005594D2 /* Products */ = {
			isa = PBXGroup;
			children = (
				C76622761DA58C19005594D2 /* FyterTestTask.app */,
				C76622921DA58C19005594D2 /* FyterTestTaskTests.xctest */,
			);
			name = Products;
			sourceTree = "<group>";
		};
		C76622781DA58C19005594D2 /* FyterTestTask */ = {
			isa = PBXGroup;
			children = (
				C76622AC1DA5A523005594D2 /* Categories */,
				C76622A31DA597EB005594D2 /* Model */,
				C76622A21DA597E2005594D2 /* Views */,
				C76622A11DA597D5005594D2 /* Controllers */,
				C76622821DA58C19005594D2 /* Main.storyboard */,
				C76622881DA58C19005594D2 /* Assets.xcassets */,
				C766228A1DA58C19005594D2 /* LaunchScreen.storyboard */,
				C766227C1DA58C19005594D2 /* FYAppDelegate.h */,
				C766227D1DA58C19005594D2 /* FYAppDelegate.m */,
				C766228D1DA58C19005594D2 /* Info.plist */,
				C76622851DA58C19005594D2 /* FyterTestTask.xcdatamodeld */,
				C76622791DA58C19005594D2 /* Supporting Files */,
				C76622B51DA651A8005594D2 /* Helpers */,
			);
			path = FyterTestTask;
			sourceTree = "<group>";
		};
		C76622791DA58C19005594D2 /* Supporting Files */ = {
			isa = PBXGroup;
			children = (
				C766227A1DA58C19005594D2 /* main.m */,
			);
			name = "Supporting Files";
			sourceTree = "<group>";
		};
		C76622951DA58C19005594D2 /* FyterTestTaskTests */ = {
			isa = PBXGroup;
			children = (
				C76622961DA58C19005594D2 /* FyterTestTaskTests.m */,
				C76622981DA58C19005594D2 /* Info.plist */,
			);
			path = FyterTestTaskTests;
			sourceTree = "<group>";
		};
		C76622A11DA597D5005594D2 /* Controllers */ = {
			isa = PBXGroup;
			children = (
				C766227F1DA58C19005594D2 /* FYMainViewController.h */,
				C76622801DA58C19005594D2 /* FYMainViewController.m */,
				C76622C61DA66AFD005594D2 /* FYOffersTableViewController.h */,
				C76622C71DA66AFD005594D2 /* FYOffersTableViewController.m */,
			);
			name = Controllers;
			sourceTree = "<group>";
		};
		C76622A21DA597E2005594D2 /* Views */ = {
			isa = PBXGroup;
			children = (
				C76622BE1DA66846005594D2 /* FYOfferTableViewCell.h */,
				C76622BF1DA66846005594D2 /* FYOfferTableViewCell.m */,
			);
			name = Views;
			sourceTree = "<group>";
		};
		C76622A31DA597EB005594D2 /* Model */ = {
			isa = PBXGroup;
			children = (
				C76622A41DA598EB005594D2 /* FYDataSource.h */,
				C76622A51DA598EB005594D2 /* FYDataSource.m */,
				C76622A81DA59961005594D2 /* FYDataService.h */,
				C76622A91DA59961005594D2 /* FYDataService.m */,
				C76622B61DA65C9E005594D2 /* FYOfferItem.h */,
				C76622B71DA65C9E005594D2 /* FYOfferItem.m */,
				C76622BA1DA65CF8005594D2 /* FYPayloadParser.h */,
				C76622BB1DA65CF8005594D2 /* FYPayloadParser.m */,
			);
			name = Model;
			sourceTree = "<group>";
		};
		C76622AC1DA5A523005594D2 /* Categories */ = {
			isa = PBXGroup;
			children = (
				C76622AD1DA5A552005594D2 /* NSString+FYHash.h */,
				C76622AE1DA5A552005594D2 /* NSString+FYHash.m */,
			);
			name = Categories;
			sourceTree = "<group>";
		};
		C76622B51DA651A8005594D2 /* Helpers */ = {
			isa = PBXGroup;
			children = (
				C76622B11DA651A0005594D2 /* Utils.h */,
				C76622B21DA651A0005594D2 /* Utils.m */,
			);
			name = Helpers;
			sourceTree = "<group>";
		};
/* End PBXGroup section */

/* Begin PBXNativeTarget section */
		C76622751DA58C19005594D2 /* FyterTestTask */ = {
			isa = PBXNativeTarget;
			buildConfigurationList = C766229B1DA58C19005594D2 /* Build configuration list for PBXNativeTarget "FyterTestTask" */;
			buildPhases = (
				C76622721DA58C19005594D2 /* Sources */,
				C76622731DA58C19005594D2 /* Frameworks */,
				C76622741DA58C19005594D2 /* Resources */,
			);
			buildRules = (
			);
			dependencies = (
			);
			name = FyterTestTask;
			productName = FyterTestTask;
			productReference = C76622761DA58C19005594D2 /* FyterTestTask.app */;
			productType = "com.apple.product-type.application";
		};
		C76622911DA58C19005594D2 /* FyterTestTaskTests */ = {
			isa = PBXNativeTarget;
			buildConfigurationList = C766229E1DA58C19005594D2 /* Build configuration list for PBXNativeTarget "FyterTestTaskTests" */;
			buildPhases = (
				C766228E1DA58C19005594D2 /* Sources */,
				C766228F1DA58C19005594D2 /* Frameworks */,
				C76622901DA58C19005594D2 /* Resources */,
			);
			buildRules = (
			);
			dependencies = (
				C76622941DA58C19005594D2 /* PBXTargetDependency */,
			);
			name = FyterTestTaskTests;
			productName = FyterTestTaskTests;
			productReference = C76622921DA58C19005594D2 /* FyterTestTaskTests.xctest */;
			productType = "com.apple.product-type.bundle.unit-test";
		};
/* End PBXNativeTarget section */

/* Begin PBXProject section */
		C766226E1DA58C19005594D2 /* Project object */ = {
			isa = PBXProject;
			attributes = {
				LastUpgradeCheck = 0730;
				ORGANIZATIONNAME = FyberTask;
				TargetAttributes = {
					C76622751DA58C19005594D2 = {
						CreatedOnToolsVersion = 7.3.1;
					};
					C76622911DA58C19005594D2 = {
						CreatedOnToolsVersion = 7.3.1;
						TestTargetID = C76622751DA58C19005594D2;
					};
				};
			};
			buildConfigurationList = C76622711DA58C19005594D2 /* Build configuration list for PBXProject "FyterTestTask" */;
			compatibilityVersion = "Xcode 3.2";
			developmentRegion = English;
			hasScannedForEncodings = 0;
			knownRegions = (
				en,
				Base,
			);
			mainGroup = C766226D1DA58C19005594D2;
			productRefGroup = C76622771DA58C19005594D2 /* Products */;
			projectDirPath = "";
			projectRoot = "";
			targets = (
				C76622751DA58C19005594D2 /* FyterTestTask */,
				C76622911DA58C19005594D2 /* FyterTestTaskTests */,
			);
		};
/* End PBXProject section */

/* Begin PBXResourcesBuildPhase section */
		C76622741DA58C19005594D2 /* Resources */ = {
			isa = PBXResourcesBuildPhase;
			buildActionMask = 2147483647;
			files = (
				C766228C1DA58C19005594D2 /* LaunchScreen.storyboard in Resources */,
				C76622891DA58C19005594D2 /* Assets.xcassets in Resources */,
				C76622841DA58C19005594D2 /* Main.storyboard in Resources */,
			);
			runOnlyForDeploymentPostprocessing = 0;
		};
		C76622901DA58C19005594D2 /* Resources */ = {
			isa = PBXResourcesBuildPhase;
			buildActionMask = 2147483647;
			files = (
			);
			runOnlyForDeploymentPostprocessing = 0;
		};
/* End PBXResourcesBuildPhase section */

/* Begin PBXSourcesBuildPhase section */
		C76622721DA58C19005594D2 /* Sources */ = {
			isa = PBXSourcesBuildPhase;
			buildActionMask = 2147483647;
			files = (
				C76622C01DA66846005594D2 /* FYOfferTableViewCell.m in Sources */,
				C76622AA1DA59961005594D2 /* FYDataService.m in Sources */,
				C76622811DA58C19005594D2 /* FYMainViewController.m in Sources */,
				C76622C81DA66AFD005594D2 /* FYOffersTableViewController.m in Sources */,
				C766227E1DA58C19005594D2 /* FYAppDelegate.m in Sources */,
				C76622B81DA65C9E005594D2 /* FYOfferItem.m in Sources */,
				C76622BC1DA65CF8005594D2 /* FYPayloadParser.m in Sources */,
				C76622B31DA651A0005594D2 /* Utils.m in Sources */,
				C766227B1DA58C19005594D2 /* main.m in Sources */,
				C76622AF1DA5A552005594D2 /* NSString+FYHash.m in Sources */,
				C76622871DA58C19005594D2 /* FyterTestTask.xcdatamodeld in Sources */,
				C76622A61DA598EB005594D2 /* FYDataSource.m in Sources */,
			);
			runOnlyForDeploymentPostprocessing = 0;
		};
		C766228E1DA58C19005594D2 /* Sources */ = {
			isa = PBXSourcesBuildPhase;
			buildActionMask = 2147483647;
			files = (
				C76622B91DA65C9E005594D2 /* FYOfferItem.m in Sources */,
				C76622AB1DA59961005594D2 /* FYDataService.m in Sources */,
				C76622971DA58C19005594D2 /* FyterTestTaskTests.m in Sources */,
				C76622B01DA5A552005594D2 /* NSString+FYHash.m in Sources */,
				C76622BD1DA65CF8005594D2 /* FYPayloadParser.m in Sources */,
				C76622C11DA66846005594D2 /* FYOfferTableViewCell.m in Sources */,
				C76622C91DA66AFD005594D2 /* FYOffersTableViewController.m in Sources */,
				C76622B41DA651A0005594D2 /* Utils.m in Sources */,
				C76622A71DA598EB005594D2 /* FYDataSource.m in Sources */,
			);
			runOnlyForDeploymentPostprocessing = 0;
		};
/* End PBXSourcesBuildPhase section */

/* Begin PBXTargetDependency section */
		C76622941DA58C19005594D2 /* PBXTargetDependency */ = {
			isa = PBXTargetDependency;
			target = C76622751DA58C19005594D2 /* FyterTestTask */;
			targetProxy = C76622931DA58C19005594D2 /* PBXContainerItemProxy */;
		};
/* End PBXTargetDependency section */

/* Begin PBXVariantGroup section */
		C76622821DA58C19005594D2 /* Main.storyboard */ = {
			isa = PBXVariantGroup;
			children = (
				C76622831DA58C19005594D2 /* Base */,
			);
			name = Main.storyboard;
			sourceTree = "<group>";
		};
		C766228A1DA58C19005594D2 /* LaunchScreen.storyboard */ = {
			isa = PBXVariantGroup;
			children = (
				C766228B1DA58C19005594D2 /* Base */,
			);
			name = LaunchScreen.storyboard;
			sourceTree = "<group>";
		};
/* End PBXVariantGroup section */

/* Begin XCBuildConfiguration section */
		C76622991DA58C19005594D2 /* Debug */ = {
			isa = XCBuildConfiguration;
			buildSettings = {
				ALWAYS_SEARCH_USER_PATHS = NO;
				CLANG_ANALYZER_NONNULL = YES;
				CLANG_CXX_LANGUAGE_STANDARD = "gnu++0x";
				CLANG_CXX_LIBRARY = "libc++";
				CLANG_ENABLE_MODULES = YES;
				CLANG_ENABLE_OBJC_ARC = YES;
				CLANG_WARN_BOOL_CONVERSION = YES;
				CLANG_WARN_CONSTANT_CONVERSION = YES;
				CLANG_WARN_DIRECT_OBJC_ISA_USAGE = YES_ERROR;
				CLANG_WARN_EMPTY_BODY = YES;
				CLANG_WARN_ENUM_CONVERSION = YES;
				CLANG_WARN_INT_CONVERSION = YES;
				CLANG_WARN_OBJC_ROOT_CLASS = YES_ERROR;
				CLANG_WARN_UNREACHABLE_CODE = YES;
				CLANG_WARN__DUPLICATE_METHOD_MATCH = YES;
				"CODE_SIGN_IDENTITY[sdk=iphoneos*]" = "iPhone Developer";
				COPY_PHASE_STRIP = NO;
				DEBUG_INFORMATION_FORMAT = dwarf;
				ENABLE_STRICT_OBJC_MSGSEND = YES;
				ENABLE_TESTABILITY = YES;
				GCC_C_LANGUAGE_STANDARD = gnu99;
				GCC_DYNAMIC_NO_PIC = NO;
				GCC_NO_COMMON_BLOCKS = YES;
				GCC_OPTIMIZATION_LEVEL = 0;
				GCC_PREPROCESSOR_DEFINITIONS = (
					"DEBUG=1",
					"$(inherited)",
				);
				GCC_WARN_64_TO_32_BIT_CONVERSION = YES;
				GCC_WARN_ABOUT_RETURN_TYPE = YES_ERROR;
				GCC_WARN_UNDECLARED_SELECTOR = YES;
				GCC_WARN_UNINITIALIZED_AUTOS = YES_AGGRESSIVE;
				GCC_WARN_UNUSED_FUNCTION = YES;
				GCC_WARN_UNUSED_VARIABLE = YES;
				IPHONEOS_DEPLOYMENT_TARGET = 9.3;
				MTL_ENABLE_DEBUG_INFO = YES;
				ONLY_ACTIVE_ARCH = YES;
				SDKROOT = iphoneos;
			};
			name = Debug;
		};
		C766229A1DA58C19005594D2 /* Release */ = {
			isa = XCBuildConfiguration;
			buildSettings = {
				ALWAYS_SEARCH_USER_PATHS = NO;
				CLANG_ANALYZER_NONNULL = YES;
				CLANG_CXX_LANGUAGE_STANDARD = "gnu++0x";
				CLANG_CXX_LIBRARY = "libc++";
				CLANG_ENABLE_MODULES = YES;
				CLANG_ENABLE_OBJC_ARC = YES;
				CLANG_WARN_BOOL_CONVERSION = YES;
				CLANG_WARN_CONSTANT_CONVERSION = YES;
				CLANG_WARN_DIRECT_OBJC_ISA_USAGE = YES_ERROR;
				CLANG_WARN_EMPTY_BODY = YES;
				CLANG_WARN_ENUM_CONVERSION = YES;
				CLANG_WARN_INT_CONVERSION = YES;
				CLANG_WARN_OBJC_ROOT_CLASS = YES_ERROR;
				CLANG_WARN_UNREACHABLE_CODE = YES;
				CLANG_WARN__DUPLICATE_METHOD_MATCH = YES;
				"CODE_SIGN_IDENTITY[sdk=iphoneos*]" = "iPhone Developer";
				COPY_PHASE_STRIP = NO;
				DEBUG_INFORMATION_FORMAT = "dwarf-with-dsym";
				ENABLE_NS_ASSERTIONS = NO;
				ENABLE_STRICT_OBJC_MSGSEND = YES;
				GCC_C_LANGUAGE_STANDARD = gnu99;
				GCC_NO_COMMON_BLOCKS = YES;
				GCC_WARN_64_TO_32_BIT_CONVERSION = YES;
				GCC_WARN_ABOUT_RETURN_TYPE = YES_ERROR;
				GCC_WARN_UNDECLARED_SELECTOR = YES;
				GCC_WARN_UNINITIALIZED_AUTOS = YES_AGGRESSIVE;
				GCC_WARN_UNUSED_FUNCTION = YES;
				GCC_WARN_UNUSED_VARIABLE = YES;
				IPHONEOS_DEPLOYMENT_TARGET = 9.3;
				MTL_ENABLE_DEBUG_INFO = NO;
				SDKROOT = iphoneos;
				VALIDATE_PRODUCT = YES;
			};
			name = Release;
		};
		C766229C1DA58C19005594D2 /* Debug */ = {
			isa = XCBuildConfiguration;
			buildSettings = {
				ASSETCATALOG_COMPILER_APPICON_NAME = AppIcon;
				INFOPLIST_FILE = FyterTestTask/Info.plist;
				LD_RUNPATH_SEARCH_PATHS = "$(inherited) @executable_path/Frameworks";
				PRODUCT_BUNDLE_IDENTIFIER = amin.Fyber.FyterTestTask;
				PRODUCT_NAME = "$(TARGET_NAME)";
			};
			name = Debug;
		};
		C766229D1DA58C19005594D2 /* Release */ = {
			isa = XCBuildConfiguration;
			buildSettings = {
				ASSETCATALOG_COMPILER_APPICON_NAME = AppIcon;
				INFOPLIST_FILE = FyterTestTask/Info.plist;
				LD_RUNPATH_SEARCH_PATHS = "$(inherited) @executable_path/Frameworks";
				PRODUCT_BUNDLE_IDENTIFIER = amin.Fyber.FyterTestTask;
				PRODUCT_NAME = "$(TARGET_NAME)";
			};
			name = Release;
		};
		C766229F1DA58C19005594D2 /* Debug */ = {
			isa = XCBuildConfiguration;
			buildSettings = {
				BUNDLE_LOADER = "$(TEST_HOST)";
				INFOPLIST_FILE = FyterTestTaskTests/Info.plist;
				LD_RUNPATH_SEARCH_PATHS = "$(inherited) @executable_path/Frameworks @loader_path/Frameworks";
				PRODUCT_BUNDLE_IDENTIFIER = amin.Fyber.FyterTestTaskTests;
				PRODUCT_NAME = "$(TARGET_NAME)";
				TEST_HOST = "$(BUILT_PRODUCTS_DIR)/FyterTestTask.app/FyterTestTask";
			};
			name = Debug;
		};
		C76622A01DA58C19005594D2 /* Release */ = {
			isa = XCBuildConfiguration;
			buildSettings = {
				BUNDLE_LOADER = "$(TEST_HOST)";
				INFOPLIST_FILE = FyterTestTaskTests/Info.plist;
				LD_RUNPATH_SEARCH_PATHS = "$(inherited) @executable_path/Frameworks @loader_path/Frameworks";
				PRODUCT_BUNDLE_IDENTIFIER = amin.Fyber.FyterTestTaskTests;
				PRODUCT_NAME = "$(TARGET_NAME)";
				TEST_HOST = "$(BUILT_PRODUCTS_DIR)/FyterTestTask.app/FyterTestTask";
			};
			name = Release;
		};
/* End XCBuildConfiguration section */

/* Begin XCConfigurationList section */
		C76622711DA58C19005594D2 /* Build configuration list for PBXProject "FyterTestTask" */ = {
			isa = XCConfigurationList;
			buildConfigurations = (
				C76622991DA58C19005594D2 /* Debug */,
				C766229A1DA58C19005594D2 /* Release */,
			);
			defaultConfigurationIsVisible = 0;
			defaultConfigurationName = Release;
		};
		C766229B1DA58C19005594D2 /* Build configuration list for PBXNativeTarget "FyterTestTask" */ = {
			isa = XCConfigurationList;
			buildConfigurations = (
				C766229C1DA58C19005594D2 /* Debug */,
				C766229D1DA58C19005594D2 /* Release */,
			);
			defaultConfigurationIsVisible = 0;
			defaultConfigurationName = Release;
		};
		C766229E1DA58C19005594D2 /* Build configuration list for PBXNativeTarget "FyterTestTaskTests" */ = {
			isa = XCConfigurationList;
			buildConfigurations = (
				C766229F1DA58C19005594D2 /* Debug */,
				C76622A01DA58C19005594D2 /* Release */,
			);
			defaultConfigurationIsVisible = 0;
			defaultConfigurationName = Release;
		};
/* End XCConfigurationList section */

/* Begin XCVersionGroup section */
		C76622851DA58C19005594D2 /* FyterTestTask.xcdatamodeld */ = {
			isa = XCVersionGroup;
			children = (
				C76622861DA58C19005594D2 /* FyterTestTask.xcdatamodel */,
			);
			currentVersion = C76622861DA58C19005594D2 /* FyterTestTask.xcdatamodel */;
			path = FyterTestTask.xcdatamodeld;
			sourceTree = "<group>";
			versionGroupType = wrapper.xcdatamodel;
		};
/* End XCVersionGroup section */
	};
	rootObject = C766226E1DA58C19005594D2 /* Project object */;
}
